
Microsoft Visual Studio Solution File, Format Version 12.00
# Visual Studio 15
VisualStudioVersion = 15.0.27428.2015
MinimumVisualStudioVersion = 10.0.40219.1
Project("{FAE04EC0-301F-11D3-BF4B-00C04F79EFBC}") = "Trivia", "Trivia\Trivia.csproj", "{6DF4340A-A044-4593-BC79-8F7961BB91E7}"
EndProject
Project("{FAE04EC0-301F-11D3-BF4B-00C04F79EFBC}") = "Trivia.Tests", "Trivia.Tests\Trivia.Tests.csproj", "{CAE5D510-EDB7-48C6-A994-18F5C5D868AB}"
EndProject
Global
	GlobalSection(SolutionConfigurationPlatforms) = preSolution
		Debug|Any CPU = Debug|Any CPU
		Debug|x86 = Debug|x86
		Release|Any CPU = Release|Any CPU
		Release|x86 = Release|x86
	EndGlobalSection
	GlobalSection(ProjectConfigurationPlatforms) = postSolution
		{6DF4340A-A044-4593-BC79-8F7961BB91E7}.Debug|Any CPU.ActiveCfg = Debug|x86
		{6DF4340A-A044-4593-BC79-8F7961BB91E7}.Debug|x86.ActiveCfg = Debug|x86
		{6DF4340A-A044-4593-BC79-8F7961BB91E7}.Debug|x86.Build.0 = Debug|x86
		{6DF4340A-A044-4593-BC79-8F7961BB91E7}.Release|Any CPU.ActiveCfg = Release|x86
		{6DF4340A-A044-4593-BC79-8F7961BB91E7}.Release|x86.ActiveCfg = Release|x86
		{6DF4340A-A044-4593-BC79-8F7961BB91E7}.Release|x86.Build.0 = Release|x86
		{CAE5D510-EDB7-48C6-A994-18F5C5D868AB}.Debug|Any CPU.ActiveCfg = Debug|Any CPU
		{CAE5D510-EDB7-48C6-A994-18F5C5D868AB}.Debug|Any CPU.Build.0 = Debug|Any CPU
		{CAE5D510-EDB7-48C6-A994-18F5C5D868AB}.Debug|x86.ActiveCfg = Debug|Any CPU
		{CAE5D510-EDB7-48C6-A994-18F5C5D868AB}.Debug|x86.Build.0 = Debug|Any CPU
		{CAE5D510-EDB7-48C6-A994-18F5C5D868AB}.Release|Any CPU.ActiveCfg = Release|Any CPU
		{CAE5D510-EDB7-48C6-A994-18F5C5D868AB}.Release|Any CPU.Build.0 = Release|Any CPU
		{CAE5D510-EDB7-48C6-A994-18F5C5D868AB}.Release|x86.ActiveCfg = Release|Any CPU
		{CAE5D510-EDB7-48C6-A994-18F5C5D868AB}.Release|x86.Build.0 = Release|Any CPU
	EndGlobalSection
	GlobalSection(SolutionProperties) = preSolution
		HideSolutionNode = FALSE
	EndGlobalSection
	GlobalSection(ExtensibilityGlobals) = postSolution
		SolutionGuid = {5DBBE736-ABC4-4A7C-B44B-76D1ABA3FA40}
	EndGlobalSection
EndGlobal
